// !$*UTF8*$!
{
	archiveVersion = 1;
	classes = {
	};
	objectVersion = 46;
	objects = {

/* Begin PBXBuildFile section */
		3497FBC8194F6086005C58A8 /* String+SliceWith.swift in Sources */ = {isa = PBXBuildFile; fileRef = 3497FBC7194F6086005C58A8 /* String+SliceWith.swift */; };
		441CDF2B194BDF6200199893 /* AppDelegate.swift in Sources */ = {isa = PBXBuildFile; fileRef = 441CDF2A194BDF6200199893 /* AppDelegate.swift */; };
		441CDF2D194BDF6200199893 /* ViewController.swift in Sources */ = {isa = PBXBuildFile; fileRef = 441CDF2C194BDF6200199893 /* ViewController.swift */; };
		441CDF30194BDF6200199893 /* Main.storyboard in Resources */ = {isa = PBXBuildFile; fileRef = 441CDF2E194BDF6200199893 /* Main.storyboard */; };
		441CDF32194BDF6200199893 /* Images.xcassets in Resources */ = {isa = PBXBuildFile; fileRef = 441CDF31194BDF6200199893 /* Images.xcassets */; };
		441CDF48194BE02300199893 /* CameraManager.swift in Sources */ = {isa = PBXBuildFile; fileRef = 441CDF47194BE02300199893 /* CameraManager.swift */; };
		441CDF5E194BE09E00199893 /* CameraManagerSpec.swift in Sources */ = {isa = PBXBuildFile; fileRef = 441CDF5D194BE09E00199893 /* CameraManagerSpec.swift */; };
		441CDF6E194C1E8500199893 /* overlaygraphic.png in Resources */ = {isa = PBXBuildFile; fileRef = 441CDF6D194C1E8500199893 /* overlaygraphic.png */; };
		44270B21194F361A00CE7E7A /* Collection+EachWithIndex.swift in Sources */ = {isa = PBXBuildFile; fileRef = 44270B1F194F361A00CE7E7A /* Collection+EachWithIndex.swift */; };
		44270B22194F361A00CE7E7A /* String+Substring.swift in Sources */ = {isa = PBXBuildFile; fileRef = 44270B20194F361A00CE7E7A /* String+Substring.swift */; };
		444F5B5719516A6D007178D8 /* Quick.framework in Frameworks */ = {isa = PBXBuildFile; fileRef = 444F5B4C19516A46007178D8 /* Quick.framework */; };
		44522C001952ABE900E47343 /* Array.swift in Sources */ = {isa = PBXBuildFile; fileRef = 444F5B5919516C00007178D8 /* Array.swift */; };
		44522C011952ABE900E47343 /* Dictionary.swift in Sources */ = {isa = PBXBuildFile; fileRef = 444F5B5A19516C00007178D8 /* Dictionary.swift */; };
		44522C031952ABE900E47343 /* ExSwift.swift in Sources */ = {isa = PBXBuildFile; fileRef = 444F5B5C19516C00007178D8 /* ExSwift.swift */; };
		44522C041952ABE900E47343 /* Float.swift in Sources */ = {isa = PBXBuildFile; fileRef = 444F5B5D19516C00007178D8 /* Float.swift */; };
		44522C051952ABE900E47343 /* Int.swift in Sources */ = {isa = PBXBuildFile; fileRef = 444F5B5F19516C00007178D8 /* Int.swift */; };
		44522C061952ABE900E47343 /* NSArray.swift in Sources */ = {isa = PBXBuildFile; fileRef = 444F5B6019516C00007178D8 /* NSArray.swift */; };
		44522C071952ABE900E47343 /* Range.swift in Sources */ = {isa = PBXBuildFile; fileRef = 444F5B6119516C00007178D8 /* Range.swift */; };
		44522C081952ABE900E47343 /* String.swift in Sources */ = {isa = PBXBuildFile; fileRef = 444F5B6219516C00007178D8 /* String.swift */; };
		447486C81951CB3F00AC1310 /* MJf1.png in Resources */ = {isa = PBXBuildFile; fileRef = 447486A61951CB3F00AC1310 /* MJf1.png */; };
		447486C91951CB3F00AC1310 /* MJf2.png in Resources */ = {isa = PBXBuildFile; fileRef = 447486A71951CB3F00AC1310 /* MJf2.png */; };
		447486CA1951CB3F00AC1310 /* MJf3.png in Resources */ = {isa = PBXBuildFile; fileRef = 447486A81951CB3F00AC1310 /* MJf3.png */; };
		447486CB1951CB3F00AC1310 /* MJf4.png in Resources */ = {isa = PBXBuildFile; fileRef = 447486A91951CB3F00AC1310 /* MJf4.png */; };
		447486CC1951CB3F00AC1310 /* MJs1.png in Resources */ = {isa = PBXBuildFile; fileRef = 447486AA1951CB3F00AC1310 /* MJs1.png */; };
		447486CD1951CB3F00AC1310 /* MJs2.png in Resources */ = {isa = PBXBuildFile; fileRef = 447486AB1951CB3F00AC1310 /* MJs2.png */; };
		447486CE1951CB3F00AC1310 /* MJs3.png in Resources */ = {isa = PBXBuildFile; fileRef = 447486AC1951CB3F00AC1310 /* MJs3.png */; };
		447486CF1951CB3F00AC1310 /* MJs4.png in Resources */ = {isa = PBXBuildFile; fileRef = 447486AD1951CB3F00AC1310 /* MJs4.png */; };
		447486D01951CB3F00AC1310 /* MJs5.png in Resources */ = {isa = PBXBuildFile; fileRef = 447486AE1951CB3F00AC1310 /* MJs5.png */; };
		447486D11951CB3F00AC1310 /* MJs6.png in Resources */ = {isa = PBXBuildFile; fileRef = 447486AF1951CB3F00AC1310 /* MJs6.png */; };
		447486D21951CB3F00AC1310 /* MJs7.png in Resources */ = {isa = PBXBuildFile; fileRef = 447486B01951CB3F00AC1310 /* MJs7.png */; };
		447486D31951CB3F00AC1310 /* MJs8.png in Resources */ = {isa = PBXBuildFile; fileRef = 447486B11951CB3F00AC1310 /* MJs8.png */; };
		447486D41951CB3F00AC1310 /* MJs9.png in Resources */ = {isa = PBXBuildFile; fileRef = 447486B21951CB3F00AC1310 /* MJs9.png */; };
		447486D51951CB3F00AC1310 /* MJt1.png in Resources */ = {isa = PBXBuildFile; fileRef = 447486B31951CB3F00AC1310 /* MJt1.png */; };
		447486D61951CB3F00AC1310 /* MJt2.png in Resources */ = {isa = PBXBuildFile; fileRef = 447486B41951CB3F00AC1310 /* MJt2.png */; };
		447486D71951CB3F00AC1310 /* MJt3.png in Resources */ = {isa = PBXBuildFile; fileRef = 447486B51951CB3F00AC1310 /* MJt3.png */; };
		447486D81951CB3F00AC1310 /* MJt4.png in Resources */ = {isa = PBXBuildFile; fileRef = 447486B61951CB3F00AC1310 /* MJt4.png */; };
		447486D91951CB3F00AC1310 /* MJt5.png in Resources */ = {isa = PBXBuildFile; fileRef = 447486B71951CB3F00AC1310 /* MJt5.png */; };
		447486DA1951CB3F00AC1310 /* MJt6.png in Resources */ = {isa = PBXBuildFile; fileRef = 447486B81951CB3F00AC1310 /* MJt6.png */; };
		447486DB1951CB3F00AC1310 /* MJt7.png in Resources */ = {isa = PBXBuildFile; fileRef = 447486B91951CB3F00AC1310 /* MJt7.png */; };
		447486DC1951CB3F00AC1310 /* MJt8.png in Resources */ = {isa = PBXBuildFile; fileRef = 447486BA1951CB3F00AC1310 /* MJt8.png */; };
		447486DD1951CB3F00AC1310 /* MJt9.png in Resources */ = {isa = PBXBuildFile; fileRef = 447486BB1951CB3F00AC1310 /* MJt9.png */; };
		447486DE1951CB3F00AC1310 /* MJw1.png in Resources */ = {isa = PBXBuildFile; fileRef = 447486BC1951CB3F00AC1310 /* MJw1.png */; };
		447486DF1951CB3F00AC1310 /* MJw2.png in Resources */ = {isa = PBXBuildFile; fileRef = 447486BD1951CB3F00AC1310 /* MJw2.png */; };
		447486E01951CB3F00AC1310 /* MJw3.png in Resources */ = {isa = PBXBuildFile; fileRef = 447486BE1951CB3F00AC1310 /* MJw3.png */; };
		447486E11951CB3F00AC1310 /* MJw4.png in Resources */ = {isa = PBXBuildFile; fileRef = 447486BF1951CB3F00AC1310 /* MJw4.png */; };
		447486E21951CB3F00AC1310 /* MJw5.png in Resources */ = {isa = PBXBuildFile; fileRef = 447486C01951CB3F00AC1310 /* MJw5.png */; };
		447486E31951CB3F00AC1310 /* MJw6.png in Resources */ = {isa = PBXBuildFile; fileRef = 447486C11951CB3F00AC1310 /* MJw6.png */; };
		447486E41951CB3F00AC1310 /* MJw7.png in Resources */ = {isa = PBXBuildFile; fileRef = 447486C21951CB3F00AC1310 /* MJw7.png */; };
		447486E51951CB3F00AC1310 /* MJw8.png in Resources */ = {isa = PBXBuildFile; fileRef = 447486C31951CB3F00AC1310 /* MJw8.png */; };
		447486E61951CB3F00AC1310 /* MJw9.png in Resources */ = {isa = PBXBuildFile; fileRef = 447486C41951CB3F00AC1310 /* MJw9.png */; };
		447486EC1951E74200AC1310 /* ViewUtilsSpec.swift in Sources */ = {isa = PBXBuildFile; fileRef = 447486EB1951E74200AC1310 /* ViewUtilsSpec.swift */; };
		447486F01951E97800AC1310 /* MJd1.png in Resources */ = {isa = PBXBuildFile; fileRef = 447486ED1951E97800AC1310 /* MJd1.png */; };
		447486F11951E97800AC1310 /* MJd2.png in Resources */ = {isa = PBXBuildFile; fileRef = 447486EE1951E97800AC1310 /* MJd2.png */; };
		447486F21951E97800AC1310 /* MJd3.png in Resources */ = {isa = PBXBuildFile; fileRef = 447486EF1951E97800AC1310 /* MJd3.png */; };
		449792E61952BE940005AA5A /* ExSwift.h in Resources */ = {isa = PBXBuildFile; fileRef = 444F5B5B19516C00007178D8 /* ExSwift.h */; };
		44CDE3411951AD3900974D6B /* ViewUtils.swift in Sources */ = {isa = PBXBuildFile; fileRef = 44CDE3401951AD3900974D6B /* ViewUtils.swift */; };
		6EC37B5065474AF0A92D485B /* libPods.a in Frameworks */ = {isa = PBXBuildFile; fileRef = 74F49D3AE47046E8BC98F366 /* libPods.a */; };
		C43B6F9B194DF23D00FBFDD6 /* SutehaiSelectorProtocol.swift in Sources */ = {isa = PBXBuildFile; fileRef = C43B6F96194DF23D00FBFDD6 /* SutehaiSelectorProtocol.swift */; };
		C43B6F9C194DF23D00FBFDD6 /* SutehaiSelectResult.swift in Sources */ = {isa = PBXBuildFile; fileRef = C43B6F97194DF23D00FBFDD6 /* SutehaiSelectResult.swift */; };
		C43B6F9E194DF23D00FBFDD6 /* TMAnalyzeResultProtocol.swift in Sources */ = {isa = PBXBuildFile; fileRef = C43B6F99194DF23D00FBFDD6 /* TMAnalyzeResultProtocol.swift */; };
		C43B6F9F194DF23D00FBFDD6 /* TMAnalyzerProtocol.swift in Sources */ = {isa = PBXBuildFile; fileRef = C43B6F9A194DF23D00FBFDD6 /* TMAnalyzerProtocol.swift */; };
		C43B6FA5194DF27000FBFDD6 /* ControllerProtocol.swift in Sources */ = {isa = PBXBuildFile; fileRef = C43B6FA4194DF27000FBFDD6 /* ControllerProtocol.swift */; };
		C43B6FA8194E6A5F00FBFDD6 /* ControllerMock.swift in Sources */ = {isa = PBXBuildFile; fileRef = C43B6FA7194E6A5F00FBFDD6 /* ControllerMock.swift */; };
		C4F9B029194DA6DC003FFEEC /* Pai.swift in Sources */ = {isa = PBXBuildFile; fileRef = C4F9B028194DA6DC003FFEEC /* Pai.swift */; };
		C4F9B02B194DA71B003FFEEC /* PaiSpec.swift in Sources */ = {isa = PBXBuildFile; fileRef = C4F9B02A194DA71B003FFEEC /* PaiSpec.swift */; };
		C4F9B02D194DA7EB003FFEEC /* UkeirePai.swift in Sources */ = {isa = PBXBuildFile; fileRef = C4F9B02C194DA7EB003FFEEC /* UkeirePai.swift */; };
		C4F9B02F194DA90A003FFEEC /* UkeirePaiSpec.swift in Sources */ = {isa = PBXBuildFile; fileRef = C4F9B02E194DA90A003FFEEC /* UkeirePaiSpec.swift */; };
		C4F9B031194DAAC0003FFEEC /* SutehaiCandidate.swift in Sources */ = {isa = PBXBuildFile; fileRef = C4F9B030194DAAC0003FFEEC /* SutehaiCandidate.swift */; };
		C4F9B033194DB177003FFEEC /* SutehaiCandidateSpec.swift in Sources */ = {isa = PBXBuildFile; fileRef = C4F9B032194DB177003FFEEC /* SutehaiCandidateSpec.swift */; };
/* End PBXBuildFile section */

/* Begin PBXContainerItemProxy section */
		345BC56F194DE2D10024567A /* PBXContainerItemProxy */ = {
			isa = PBXContainerItemProxy;
			containerPortal = 441CDF1D194BDF6200199893 /* Project object */;
			proxyType = 1;
			remoteGlobalIDString = 441CDF24194BDF6200199893;
			remoteInfo = MjOptimizer;
		};
		441CDF38194BDF6200199893 /* PBXContainerItemProxy */ = {
			isa = PBXContainerItemProxy;
			containerPortal = 441CDF1D194BDF6200199893 /* Project object */;
			proxyType = 1;
			remoteGlobalIDString = 441CDF24194BDF6200199893;
			remoteInfo = MjOptimizer;
		};
		441CDF58194BE07600199893 /* PBXContainerItemProxy */ = {
			isa = PBXContainerItemProxy;
			containerPortal = 441CDF1D194BDF6200199893 /* Project object */;
			proxyType = 1;
			remoteGlobalIDString = 441CDF24194BDF6200199893;
			remoteInfo = MjOptimizer;
		};
		441CDF5A194BE07600199893 /* PBXContainerItemProxy */ = {
			isa = PBXContainerItemProxy;
			containerPortal = 441CDF1D194BDF6200199893 /* Project object */;
			proxyType = 1;
			remoteGlobalIDString = 441CDF24194BDF6200199893;
			remoteInfo = MjOptimizer;
		};
		441CDF64194BEB2200199893 /* PBXContainerItemProxy */ = {
			isa = PBXContainerItemProxy;
			containerPortal = 441CDF1D194BDF6200199893 /* Project object */;
			proxyType = 1;
			remoteGlobalIDString = 441CDF24194BDF6200199893;
			remoteInfo = MjOptimizer;
		};
		441CDF6A194BEB2200199893 /* PBXContainerItemProxy */ = {
			isa = PBXContainerItemProxy;
			containerPortal = 441CDF1D194BDF6200199893 /* Project object */;
			proxyType = 1;
			remoteGlobalIDString = 441CDF24194BDF6200199893;
			remoteInfo = MjOptimizer;
		};
		444F5B4B19516A46007178D8 /* PBXContainerItemProxy */ = {
			isa = PBXContainerItemProxy;
			containerPortal = 444F5B4419516A46007178D8 /* Quick.xcodeproj */;
			proxyType = 2;
			remoteGlobalIDString = DAEB6B8E1943873100289F44;
			remoteInfo = Quick;
		};
		444F5B4D19516A46007178D8 /* PBXContainerItemProxy */ = {
			isa = PBXContainerItemProxy;
			containerPortal = 444F5B4419516A46007178D8 /* Quick.xcodeproj */;
			proxyType = 2;
			remoteGlobalIDString = DAEB6B991943873100289F44;
			remoteInfo = QuickTests;
		};
		444F5B4F19516A46007178D8 /* PBXContainerItemProxy */ = {
			isa = PBXContainerItemProxy;
			containerPortal = 444F5B4419516A46007178D8 /* Quick.xcodeproj */;
			proxyType = 2;
			remoteGlobalIDString = 5A5D117C19473F2100F6D13D;
			remoteInfo = "Quick-iOS";
		};
		444F5B5119516A46007178D8 /* PBXContainerItemProxy */ = {
			isa = PBXContainerItemProxy;
			containerPortal = 444F5B4419516A46007178D8 /* Quick.xcodeproj */;
			proxyType = 2;
			remoteGlobalIDString = 5A5D118619473F2100F6D13D;
			remoteInfo = "Quick-iOSTests";
		};
		444F5B5319516A65007178D8 /* PBXContainerItemProxy */ = {
			isa = PBXContainerItemProxy;
			containerPortal = 441CDF1D194BDF6200199893 /* Project object */;
			proxyType = 1;
			remoteGlobalIDString = 441CDF24194BDF6200199893;
			remoteInfo = MjOptimizer;
		};
		444F5B5519516A66007178D8 /* PBXContainerItemProxy */ = {
			isa = PBXContainerItemProxy;
			containerPortal = 441CDF1D194BDF6200199893 /* Project object */;
			proxyType = 1;
			remoteGlobalIDString = 441CDF24194BDF6200199893;
			remoteInfo = MjOptimizer;
		};
		44522BF81952ABCF00E47343 /* PBXContainerItemProxy */ = {
			isa = PBXContainerItemProxy;
			containerPortal = 441CDF1D194BDF6200199893 /* Project object */;
			proxyType = 1;
			remoteGlobalIDString = 441CDF24194BDF6200199893;
			remoteInfo = MjOptimizer;
		};
		44522BFE1952ABD000E47343 /* PBXContainerItemProxy */ = {
			isa = PBXContainerItemProxy;
			containerPortal = 441CDF1D194BDF6200199893 /* Project object */;
			proxyType = 1;
			remoteGlobalIDString = 441CDF24194BDF6200199893;
			remoteInfo = MjOptimizer;
		};
		44CDE3461951ADDC00974D6B /* PBXContainerItemProxy */ = {
			isa = PBXContainerItemProxy;
			containerPortal = 441CDF1D194BDF6200199893 /* Project object */;
			proxyType = 1;
			remoteGlobalIDString = 441CDF24194BDF6200199893;
			remoteInfo = MjOptimizer;
		};
		44CDE3481951ADDC00974D6B /* PBXContainerItemProxy */ = {
			isa = PBXContainerItemProxy;
			containerPortal = 441CDF1D194BDF6200199893 /* Project object */;
			proxyType = 1;
			remoteGlobalIDString = 441CDF24194BDF6200199893;
			remoteInfo = MjOptimizer;
		};
		44F04EAB194E97C300EA3E8A /* PBXContainerItemProxy */ = {
			isa = PBXContainerItemProxy;
			containerPortal = 441CDF1D194BDF6200199893 /* Project object */;
			proxyType = 1;
			remoteGlobalIDString = 441CDF24194BDF6200199893;
			remoteInfo = MjOptimizer;
		};
		44F04EAD194E97C300EA3E8A /* PBXContainerItemProxy */ = {
			isa = PBXContainerItemProxy;
			containerPortal = 441CDF1D194BDF6200199893 /* Project object */;
			proxyType = 1;
			remoteGlobalIDString = 441CDF24194BDF6200199893;
			remoteInfo = MjOptimizer;
		};
/* End PBXContainerItemProxy section */

/* Begin PBXFileReference section */
		3497FBC7194F6086005C58A8 /* String+SliceWith.swift */ = {isa = PBXFileReference; fileEncoding = 4; lastKnownFileType = sourcecode.swift; path = "String+SliceWith.swift"; sourceTree = "<group>"; };
		3497FBC9194F629C005C58A8 /* String+SliceWithSpec.swift */ = {isa = PBXFileReference; fileEncoding = 4; lastKnownFileType = sourcecode.swift; path = "String+SliceWithSpec.swift"; sourceTree = "<group>"; };
		441CDF25194BDF6200199893 /* MjOptimizer.app */ = {isa = PBXFileReference; explicitFileType = wrapper.application; includeInIndex = 0; path = MjOptimizer.app; sourceTree = BUILT_PRODUCTS_DIR; };
		441CDF29194BDF6200199893 /* Info.plist */ = {isa = PBXFileReference; lastKnownFileType = text.plist.xml; path = Info.plist; sourceTree = "<group>"; };
		441CDF2A194BDF6200199893 /* AppDelegate.swift */ = {isa = PBXFileReference; lastKnownFileType = sourcecode.swift; path = AppDelegate.swift; sourceTree = "<group>"; };
		441CDF2C194BDF6200199893 /* ViewController.swift */ = {isa = PBXFileReference; lastKnownFileType = sourcecode.swift; path = ViewController.swift; sourceTree = "<group>"; };
		441CDF2F194BDF6200199893 /* Base */ = {isa = PBXFileReference; lastKnownFileType = file.storyboard; name = Base; path = Base.lproj/Main.storyboard; sourceTree = "<group>"; };
		441CDF31194BDF6200199893 /* Images.xcassets */ = {isa = PBXFileReference; lastKnownFileType = folder.assetcatalog; path = Images.xcassets; sourceTree = "<group>"; };
		441CDF37194BDF6200199893 /* MjOptimizerTests.xctest */ = {isa = PBXFileReference; explicitFileType = wrapper.cfbundle; includeInIndex = 0; path = MjOptimizerTests.xctest; sourceTree = BUILT_PRODUCTS_DIR; };
		441CDF3C194BDF6200199893 /* Info.plist */ = {isa = PBXFileReference; lastKnownFileType = text.plist.xml; path = Info.plist; sourceTree = "<group>"; };
		441CDF47194BE02300199893 /* CameraManager.swift */ = {isa = PBXFileReference; fileEncoding = 4; lastKnownFileType = sourcecode.swift; path = CameraManager.swift; sourceTree = "<group>"; };
		441CDF5D194BE09E00199893 /* CameraManagerSpec.swift */ = {isa = PBXFileReference; fileEncoding = 4; lastKnownFileType = sourcecode.swift; path = CameraManagerSpec.swift; sourceTree = "<group>"; };
		441CDF6D194C1E8500199893 /* overlaygraphic.png */ = {isa = PBXFileReference; lastKnownFileType = image.png; path = overlaygraphic.png; sourceTree = "<group>"; };
		44270B1F194F361A00CE7E7A /* Collection+EachWithIndex.swift */ = {isa = PBXFileReference; fileEncoding = 4; lastKnownFileType = sourcecode.swift; path = "Collection+EachWithIndex.swift"; sourceTree = "<group>"; };
		44270B20194F361A00CE7E7A /* String+Substring.swift */ = {isa = PBXFileReference; fileEncoding = 4; lastKnownFileType = sourcecode.swift; path = "String+Substring.swift"; sourceTree = "<group>"; };
		444F5B4419516A46007178D8 /* Quick.xcodeproj */ = {isa = PBXFileReference; lastKnownFileType = "wrapper.pb-project"; name = Quick.xcodeproj; path = Submodules/Quick/Quick.xcodeproj; sourceTree = SOURCE_ROOT; };
		444F5B5919516C00007178D8 /* Array.swift */ = {isa = PBXFileReference; fileEncoding = 4; lastKnownFileType = sourcecode.swift; path = Array.swift; sourceTree = "<group>"; };
		444F5B5A19516C00007178D8 /* Dictionary.swift */ = {isa = PBXFileReference; fileEncoding = 4; lastKnownFileType = sourcecode.swift; path = Dictionary.swift; sourceTree = "<group>"; };
		444F5B5B19516C00007178D8 /* ExSwift.h */ = {isa = PBXFileReference; fileEncoding = 4; lastKnownFileType = sourcecode.c.h; path = ExSwift.h; sourceTree = "<group>"; };
		444F5B5C19516C00007178D8 /* ExSwift.swift */ = {isa = PBXFileReference; fileEncoding = 4; lastKnownFileType = sourcecode.swift; path = ExSwift.swift; sourceTree = "<group>"; };
		444F5B5D19516C00007178D8 /* Float.swift */ = {isa = PBXFileReference; fileEncoding = 4; lastKnownFileType = sourcecode.swift; path = Float.swift; sourceTree = "<group>"; };
		444F5B5F19516C00007178D8 /* Int.swift */ = {isa = PBXFileReference; fileEncoding = 4; lastKnownFileType = sourcecode.swift; path = Int.swift; sourceTree = "<group>"; };
		444F5B6019516C00007178D8 /* NSArray.swift */ = {isa = PBXFileReference; fileEncoding = 4; lastKnownFileType = sourcecode.swift; path = NSArray.swift; sourceTree = "<group>"; };
		444F5B6119516C00007178D8 /* Range.swift */ = {isa = PBXFileReference; fileEncoding = 4; lastKnownFileType = sourcecode.swift; path = Range.swift; sourceTree = "<group>"; };
		444F5B6219516C00007178D8 /* String.swift */ = {isa = PBXFileReference; fileEncoding = 4; lastKnownFileType = sourcecode.swift; path = String.swift; sourceTree = "<group>"; };
		447486A61951CB3F00AC1310 /* MJf1.png */ = {isa = PBXFileReference; lastKnownFileType = image.png; path = MJf1.png; sourceTree = "<group>"; };
		447486A71951CB3F00AC1310 /* MJf2.png */ = {isa = PBXFileReference; lastKnownFileType = image.png; path = MJf2.png; sourceTree = "<group>"; };
		447486A81951CB3F00AC1310 /* MJf3.png */ = {isa = PBXFileReference; lastKnownFileType = image.png; path = MJf3.png; sourceTree = "<group>"; };
		447486A91951CB3F00AC1310 /* MJf4.png */ = {isa = PBXFileReference; lastKnownFileType = image.png; path = MJf4.png; sourceTree = "<group>"; };
		447486AA1951CB3F00AC1310 /* MJs1.png */ = {isa = PBXFileReference; lastKnownFileType = image.png; path = MJs1.png; sourceTree = "<group>"; };
		447486AB1951CB3F00AC1310 /* MJs2.png */ = {isa = PBXFileReference; lastKnownFileType = image.png; path = MJs2.png; sourceTree = "<group>"; };
		447486AC1951CB3F00AC1310 /* MJs3.png */ = {isa = PBXFileReference; lastKnownFileType = image.png; path = MJs3.png; sourceTree = "<group>"; };
		447486AD1951CB3F00AC1310 /* MJs4.png */ = {isa = PBXFileReference; lastKnownFileType = image.png; path = MJs4.png; sourceTree = "<group>"; };
		447486AE1951CB3F00AC1310 /* MJs5.png */ = {isa = PBXFileReference; lastKnownFileType = image.png; path = MJs5.png; sourceTree = "<group>"; };
		447486AF1951CB3F00AC1310 /* MJs6.png */ = {isa = PBXFileReference; lastKnownFileType = image.png; path = MJs6.png; sourceTree = "<group>"; };
		447486B01951CB3F00AC1310 /* MJs7.png */ = {isa = PBXFileReference; lastKnownFileType = image.png; path = MJs7.png; sourceTree = "<group>"; };
		447486B11951CB3F00AC1310 /* MJs8.png */ = {isa = PBXFileReference; lastKnownFileType = image.png; path = MJs8.png; sourceTree = "<group>"; };
		447486B21951CB3F00AC1310 /* MJs9.png */ = {isa = PBXFileReference; lastKnownFileType = image.png; path = MJs9.png; sourceTree = "<group>"; };
		447486B31951CB3F00AC1310 /* MJt1.png */ = {isa = PBXFileReference; lastKnownFileType = image.png; path = MJt1.png; sourceTree = "<group>"; };
		447486B41951CB3F00AC1310 /* MJt2.png */ = {isa = PBXFileReference; lastKnownFileType = image.png; path = MJt2.png; sourceTree = "<group>"; };
		447486B51951CB3F00AC1310 /* MJt3.png */ = {isa = PBXFileReference; lastKnownFileType = image.png; path = MJt3.png; sourceTree = "<group>"; };
		447486B61951CB3F00AC1310 /* MJt4.png */ = {isa = PBXFileReference; lastKnownFileType = image.png; path = MJt4.png; sourceTree = "<group>"; };
		447486B71951CB3F00AC1310 /* MJt5.png */ = {isa = PBXFileReference; lastKnownFileType = image.png; path = MJt5.png; sourceTree = "<group>"; };
		447486B81951CB3F00AC1310 /* MJt6.png */ = {isa = PBXFileReference; lastKnownFileType = image.png; path = MJt6.png; sourceTree = "<group>"; };
		447486B91951CB3F00AC1310 /* MJt7.png */ = {isa = PBXFileReference; lastKnownFileType = image.png; path = MJt7.png; sourceTree = "<group>"; };
		447486BA1951CB3F00AC1310 /* MJt8.png */ = {isa = PBXFileReference; lastKnownFileType = image.png; path = MJt8.png; sourceTree = "<group>"; };
		447486BB1951CB3F00AC1310 /* MJt9.png */ = {isa = PBXFileReference; lastKnownFileType = image.png; path = MJt9.png; sourceTree = "<group>"; };
		447486BC1951CB3F00AC1310 /* MJw1.png */ = {isa = PBXFileReference; lastKnownFileType = image.png; path = MJw1.png; sourceTree = "<group>"; };
		447486BD1951CB3F00AC1310 /* MJw2.png */ = {isa = PBXFileReference; lastKnownFileType = image.png; path = MJw2.png; sourceTree = "<group>"; };
		447486BE1951CB3F00AC1310 /* MJw3.png */ = {isa = PBXFileReference; lastKnownFileType = image.png; path = MJw3.png; sourceTree = "<group>"; };
		447486BF1951CB3F00AC1310 /* MJw4.png */ = {isa = PBXFileReference; lastKnownFileType = image.png; path = MJw4.png; sourceTree = "<group>"; };
		447486C01951CB3F00AC1310 /* MJw5.png */ = {isa = PBXFileReference; lastKnownFileType = image.png; path = MJw5.png; sourceTree = "<group>"; };
		447486C11951CB3F00AC1310 /* MJw6.png */ = {isa = PBXFileReference; lastKnownFileType = image.png; path = MJw6.png; sourceTree = "<group>"; };
		447486C21951CB3F00AC1310 /* MJw7.png */ = {isa = PBXFileReference; lastKnownFileType = image.png; path = MJw7.png; sourceTree = "<group>"; };
		447486C31951CB3F00AC1310 /* MJw8.png */ = {isa = PBXFileReference; lastKnownFileType = image.png; path = MJw8.png; sourceTree = "<group>"; };
		447486C41951CB3F00AC1310 /* MJw9.png */ = {isa = PBXFileReference; lastKnownFileType = image.png; path = MJw9.png; sourceTree = "<group>"; };
		447486EB1951E74200AC1310 /* ViewUtilsSpec.swift */ = {isa = PBXFileReference; fileEncoding = 4; lastKnownFileType = sourcecode.swift; path = ViewUtilsSpec.swift; sourceTree = "<group>"; };
		447486ED1951E97800AC1310 /* MJd1.png */ = {isa = PBXFileReference; lastKnownFileType = image.png; path = MJd1.png; sourceTree = "<group>"; };
		447486EE1951E97800AC1310 /* MJd2.png */ = {isa = PBXFileReference; lastKnownFileType = image.png; path = MJd2.png; sourceTree = "<group>"; };
		447486EF1951E97800AC1310 /* MJd3.png */ = {isa = PBXFileReference; lastKnownFileType = image.png; path = MJd3.png; sourceTree = "<group>"; };
		44CDE3401951AD3900974D6B /* ViewUtils.swift */ = {isa = PBXFileReference; fileEncoding = 4; lastKnownFileType = sourcecode.swift; path = ViewUtils.swift; sourceTree = "<group>"; };
		74F49D3AE47046E8BC98F366 /* libPods.a */ = {isa = PBXFileReference; explicitFileType = archive.ar; includeInIndex = 0; path = libPods.a; sourceTree = BUILT_PRODUCTS_DIR; };
		8756E46B0B4347C982442038 /* Pods.xcconfig */ = {isa = PBXFileReference; includeInIndex = 1; lastKnownFileType = text.xcconfig; name = Pods.xcconfig; path = Pods/Pods.xcconfig; sourceTree = "<group>"; };
		C43B6F96194DF23D00FBFDD6 /* SutehaiSelectorProtocol.swift */ = {isa = PBXFileReference; fileEncoding = 4; lastKnownFileType = sourcecode.swift; path = SutehaiSelectorProtocol.swift; sourceTree = "<group>"; };
		C43B6F97194DF23D00FBFDD6 /* SutehaiSelectResult.swift */ = {isa = PBXFileReference; fileEncoding = 4; lastKnownFileType = sourcecode.swift; path = SutehaiSelectResult.swift; sourceTree = "<group>"; };
		C43B6F99194DF23D00FBFDD6 /* TMAnalyzeResultProtocol.swift */ = {isa = PBXFileReference; fileEncoding = 4; lastKnownFileType = sourcecode.swift; path = TMAnalyzeResultProtocol.swift; sourceTree = "<group>"; };
		C43B6F9A194DF23D00FBFDD6 /* TMAnalyzerProtocol.swift */ = {isa = PBXFileReference; fileEncoding = 4; lastKnownFileType = sourcecode.swift; path = TMAnalyzerProtocol.swift; sourceTree = "<group>"; };
		C43B6FA4194DF27000FBFDD6 /* ControllerProtocol.swift */ = {isa = PBXFileReference; fileEncoding = 4; lastKnownFileType = sourcecode.swift; path = ControllerProtocol.swift; sourceTree = "<group>"; };
		C43B6FA7194E6A5F00FBFDD6 /* ControllerMock.swift */ = {isa = PBXFileReference; fileEncoding = 4; lastKnownFileType = sourcecode.swift; path = ControllerMock.swift; sourceTree = "<group>"; };
		C4F9B028194DA6DC003FFEEC /* Pai.swift */ = {isa = PBXFileReference; fileEncoding = 4; lastKnownFileType = sourcecode.swift; path = Pai.swift; sourceTree = "<group>"; };
		C4F9B02A194DA71B003FFEEC /* PaiSpec.swift */ = {isa = PBXFileReference; fileEncoding = 4; lastKnownFileType = sourcecode.swift; path = PaiSpec.swift; sourceTree = "<group>"; };
		C4F9B02C194DA7EB003FFEEC /* UkeirePai.swift */ = {isa = PBXFileReference; fileEncoding = 4; lastKnownFileType = sourcecode.swift; path = UkeirePai.swift; sourceTree = "<group>"; };
		C4F9B02E194DA90A003FFEEC /* UkeirePaiSpec.swift */ = {isa = PBXFileReference; fileEncoding = 4; lastKnownFileType = sourcecode.swift; path = UkeirePaiSpec.swift; sourceTree = "<group>"; };
		C4F9B030194DAAC0003FFEEC /* SutehaiCandidate.swift */ = {isa = PBXFileReference; fileEncoding = 4; lastKnownFileType = sourcecode.swift; path = SutehaiCandidate.swift; sourceTree = "<group>"; };
		C4F9B032194DB177003FFEEC /* SutehaiCandidateSpec.swift */ = {isa = PBXFileReference; fileEncoding = 4; lastKnownFileType = sourcecode.swift; path = SutehaiCandidateSpec.swift; sourceTree = "<group>"; };
/* End PBXFileReference section */

/* Begin PBXFrameworksBuildPhase section */
		441CDF22194BDF6200199893 /* Frameworks */ = {
			isa = PBXFrameworksBuildPhase;
			buildActionMask = 2147483647;
			files = (
				6EC37B5065474AF0A92D485B /* libPods.a in Frameworks */,
			);
			runOnlyForDeploymentPostprocessing = 0;
		};
		441CDF34194BDF6200199893 /* Frameworks */ = {
			isa = PBXFrameworksBuildPhase;
			buildActionMask = 2147483647;
			files = (
				444F5B5719516A6D007178D8 /* Quick.framework in Frameworks */,
			);
			runOnlyForDeploymentPostprocessing = 0;
		};
/* End PBXFrameworksBuildPhase section */

/* Begin PBXGroup section */
		441CDF1C194BDF6200199893 = {
			isa = PBXGroup;
			children = (
				441CDF27194BDF6200199893 /* MjOptimizer */,
				441CDF3A194BDF6200199893 /* MjOptimizerTests */,
				441CDF26194BDF6200199893 /* Products */,
				8756E46B0B4347C982442038 /* Pods.xcconfig */,
				846FD070BC804615A65D8E05 /* Frameworks */,
				44270B1E194F361A00CE7E7A /* Extensions */,
			);
			sourceTree = "<group>";
		};
		441CDF26194BDF6200199893 /* Products */ = {
			isa = PBXGroup;
			children = (
				441CDF25194BDF6200199893 /* MjOptimizer.app */,
				441CDF37194BDF6200199893 /* MjOptimizerTests.xctest */,
			);
			name = Products;
			sourceTree = "<group>";
		};
		441CDF27194BDF6200199893 /* MjOptimizer */ = {
			isa = PBXGroup;
			children = (
				C43B6FA7194E6A5F00FBFDD6 /* ControllerMock.swift */,
				C43B6F96194DF23D00FBFDD6 /* SutehaiSelectorProtocol.swift */,
				C43B6FA4194DF27000FBFDD6 /* ControllerProtocol.swift */,
				C43B6F97194DF23D00FBFDD6 /* SutehaiSelectResult.swift */,
				C43B6F99194DF23D00FBFDD6 /* TMAnalyzeResultProtocol.swift */,
				C43B6F9A194DF23D00FBFDD6 /* TMAnalyzerProtocol.swift */,
				C4F9B028194DA6DC003FFEEC /* Pai.swift */,
				441CDF47194BE02300199893 /* CameraManager.swift */,
				441CDF2A194BDF6200199893 /* AppDelegate.swift */,
				441CDF2C194BDF6200199893 /* ViewController.swift */,
				441CDF2E194BDF6200199893 /* Main.storyboard */,
				441CDF6D194C1E8500199893 /* overlaygraphic.png */,
				441CDF31194BDF6200199893 /* Images.xcassets */,
				447486A21951CB3F00AC1310 /* MjImages */,
				441CDF28194BDF6200199893 /* Supporting Files */,
				C4F9B02C194DA7EB003FFEEC /* UkeirePai.swift */,
				C4F9B030194DAAC0003FFEEC /* SutehaiCandidate.swift */,
				44CDE3401951AD3900974D6B /* ViewUtils.swift */,
			);
			path = MjOptimizer;
			sourceTree = "<group>";
		};
		441CDF28194BDF6200199893 /* Supporting Files */ = {
			isa = PBXGroup;
			children = (
				441CDF29194BDF6200199893 /* Info.plist */,
			);
			name = "Supporting Files";
			sourceTree = "<group>";
		};
		441CDF3A194BDF6200199893 /* MjOptimizerTests */ = {
			isa = PBXGroup;
			children = (
				444F5B4419516A46007178D8 /* Quick.xcodeproj */,
				C4F9B02A194DA71B003FFEEC /* PaiSpec.swift */,
				C4F9B02E194DA90A003FFEEC /* UkeirePaiSpec.swift */,
				441CDF3B194BDF6200199893 /* Supporting Files */,
				441CDF5D194BE09E00199893 /* CameraManagerSpec.swift */,
				C4F9B032194DB177003FFEEC /* SutehaiCandidateSpec.swift */,
				3497FBC9194F629C005C58A8 /* String+SliceWithSpec.swift */,
				447486EB1951E74200AC1310 /* ViewUtilsSpec.swift */,
			);
			path = MjOptimizerTests;
			sourceTree = "<group>";
		};
		441CDF3B194BDF6200199893 /* Supporting Files */ = {
			isa = PBXGroup;
			children = (
				441CDF3C194BDF6200199893 /* Info.plist */,
			);
			name = "Supporting Files";
			sourceTree = "<group>";
		};
		44270B1E194F361A00CE7E7A /* Extensions */ = {
			isa = PBXGroup;
			children = (
				444F5B5819516C00007178D8 /* ExSwift */,
				44270B1F194F361A00CE7E7A /* Collection+EachWithIndex.swift */,
				44270B20194F361A00CE7E7A /* String+Substring.swift */,
				3497FBC7194F6086005C58A8 /* String+SliceWith.swift */,
			);
			path = Extensions;
			sourceTree = "<group>";
		};
		444F5B4519516A46007178D8 /* Products */ = {
			isa = PBXGroup;
			children = (
				444F5B4C19516A46007178D8 /* Quick.framework */,
				444F5B4E19516A46007178D8 /* QuickTests.xctest */,
				444F5B5019516A46007178D8 /* Quick.framework */,
				444F5B5219516A46007178D8 /* Quick-iOSTests.xctest */,
			);
			name = Products;
			sourceTree = "<group>";
		};
		444F5B5819516C00007178D8 /* ExSwift */ = {
			isa = PBXGroup;
			children = (
				444F5B5919516C00007178D8 /* Array.swift */,
				444F5B5A19516C00007178D8 /* Dictionary.swift */,
				444F5B5B19516C00007178D8 /* ExSwift.h */,
				444F5B5C19516C00007178D8 /* ExSwift.swift */,
				444F5B5D19516C00007178D8 /* Float.swift */,
				444F5B5F19516C00007178D8 /* Int.swift */,
				444F5B6019516C00007178D8 /* NSArray.swift */,
				444F5B6119516C00007178D8 /* Range.swift */,
				444F5B6219516C00007178D8 /* String.swift */,
			);
			name = ExSwift;
			path = Submodules/ExSwift/ExSwift;
			sourceTree = SOURCE_ROOT;
		};
		447486A21951CB3F00AC1310 /* MjImages */ = {
			isa = PBXGroup;
			children = (
				447486ED1951E97800AC1310 /* MJd1.png */,
				447486EE1951E97800AC1310 /* MJd2.png */,
				447486EF1951E97800AC1310 /* MJd3.png */,
				447486A61951CB3F00AC1310 /* MJf1.png */,
				447486A71951CB3F00AC1310 /* MJf2.png */,
				447486A81951CB3F00AC1310 /* MJf3.png */,
				447486A91951CB3F00AC1310 /* MJf4.png */,
				447486AA1951CB3F00AC1310 /* MJs1.png */,
				447486AB1951CB3F00AC1310 /* MJs2.png */,
				447486AC1951CB3F00AC1310 /* MJs3.png */,
				447486AD1951CB3F00AC1310 /* MJs4.png */,
				447486AE1951CB3F00AC1310 /* MJs5.png */,
				447486AF1951CB3F00AC1310 /* MJs6.png */,
				447486B01951CB3F00AC1310 /* MJs7.png */,
				447486B11951CB3F00AC1310 /* MJs8.png */,
				447486B21951CB3F00AC1310 /* MJs9.png */,
				447486B31951CB3F00AC1310 /* MJt1.png */,
				447486B41951CB3F00AC1310 /* MJt2.png */,
				447486B51951CB3F00AC1310 /* MJt3.png */,
				447486B61951CB3F00AC1310 /* MJt4.png */,
				447486B71951CB3F00AC1310 /* MJt5.png */,
				447486B81951CB3F00AC1310 /* MJt6.png */,
				447486B91951CB3F00AC1310 /* MJt7.png */,
				447486BA1951CB3F00AC1310 /* MJt8.png */,
				447486BB1951CB3F00AC1310 /* MJt9.png */,
				447486BC1951CB3F00AC1310 /* MJw1.png */,
				447486BD1951CB3F00AC1310 /* MJw2.png */,
				447486BE1951CB3F00AC1310 /* MJw3.png */,
				447486BF1951CB3F00AC1310 /* MJw4.png */,
				447486C01951CB3F00AC1310 /* MJw5.png */,
				447486C11951CB3F00AC1310 /* MJw6.png */,
				447486C21951CB3F00AC1310 /* MJw7.png */,
				447486C31951CB3F00AC1310 /* MJw8.png */,
				447486C41951CB3F00AC1310 /* MJw9.png */,
			);
			path = MjImages;
			sourceTree = "<group>";
		};
		846FD070BC804615A65D8E05 /* Frameworks */ = {
			isa = PBXGroup;
			children = (
				74F49D3AE47046E8BC98F366 /* libPods.a */,
			);
			name = Frameworks;
			sourceTree = "<group>";
		};
/* End PBXGroup section */

/* Begin PBXNativeTarget section */
		441CDF24194BDF6200199893 /* MjOptimizer */ = {
			isa = PBXNativeTarget;
			buildConfigurationList = 441CDF41194BDF6200199893 /* Build configuration list for PBXNativeTarget "MjOptimizer" */;
			buildPhases = (
				54B6516C254148A1AD6CD9A6 /* Check Pods Manifest.lock */,
				441CDF21194BDF6200199893 /* Sources */,
				441CDF22194BDF6200199893 /* Frameworks */,
				441CDF23194BDF6200199893 /* Resources */,
				2E3A11B9C38944D68BB4C275 /* Copy Pods Resources */,
			);
			buildRules = (
			);
			dependencies = (
			);
			name = MjOptimizer;
			productName = MjOptimizer;
			productReference = 441CDF25194BDF6200199893 /* MjOptimizer.app */;
			productType = "com.apple.product-type.application";
		};
		441CDF36194BDF6200199893 /* MjOptimizerTests */ = {
			isa = PBXNativeTarget;
			buildConfigurationList = 441CDF44194BDF6200199893 /* Build configuration list for PBXNativeTarget "MjOptimizerTests" */;
			buildPhases = (
				441CDF33194BDF6200199893 /* Sources */,
				441CDF34194BDF6200199893 /* Frameworks */,
				441CDF35194BDF6200199893 /* Resources */,
			);
			buildRules = (
			);
			dependencies = (
				441CDF39194BDF6200199893 /* PBXTargetDependency */,
				441CDF59194BE07600199893 /* PBXTargetDependency */,
				441CDF5B194BE07600199893 /* PBXTargetDependency */,
				441CDF65194BEB2200199893 /* PBXTargetDependency */,
				441CDF6B194BEB2200199893 /* PBXTargetDependency */,
				44F04EAC194E97C300EA3E8A /* PBXTargetDependency */,
				44F04EAE194E97C300EA3E8A /* PBXTargetDependency */,
				345BC570194DE2D10024567A /* PBXTargetDependency */,
				444F5B5419516A65007178D8 /* PBXTargetDependency */,
				444F5B5619516A66007178D8 /* PBXTargetDependency */,
				44CDE3471951ADDC00974D6B /* PBXTargetDependency */,
				44CDE3491951ADDC00974D6B /* PBXTargetDependency */,
				44522BF91952ABCF00E47343 /* PBXTargetDependency */,
				44522BFF1952ABD000E47343 /* PBXTargetDependency */,
			);
			name = MjOptimizerTests;
			productName = MjOptimizerTests;
			productReference = 441CDF37194BDF6200199893 /* MjOptimizerTests.xctest */;
			productType = "com.apple.product-type.bundle.unit-test";
		};
/* End PBXNativeTarget section */

/* Begin PBXProject section */
		441CDF1D194BDF6200199893 /* Project object */ = {
			isa = PBXProject;
			attributes = {
				LastUpgradeCheck = 0600;
				ORGANIZATIONNAME = "Shoken Fujisaki";
				TargetAttributes = {
					441CDF24194BDF6200199893 = {
						CreatedOnToolsVersion = 6.0;
						DevelopmentTeam = 645QK7J5E9;
					};
					441CDF36194BDF6200199893 = {
						CreatedOnToolsVersion = 6.0;
						TestTargetID = 441CDF24194BDF6200199893;
					};
				};
			};
			buildConfigurationList = 441CDF20194BDF6200199893 /* Build configuration list for PBXProject "MjOptimizer" */;
			compatibilityVersion = "Xcode 3.2";
			developmentRegion = English;
			hasScannedForEncodings = 0;
			knownRegions = (
				en,
				Base,
			);
			mainGroup = 441CDF1C194BDF6200199893;
			productRefGroup = 441CDF26194BDF6200199893 /* Products */;
			projectDirPath = "";
			projectReferences = (
				{
					ProductGroup = 444F5B4519516A46007178D8 /* Products */;
					ProjectRef = 444F5B4419516A46007178D8 /* Quick.xcodeproj */;
				},
			);
			projectRoot = "";
			targets = (
				441CDF24194BDF6200199893 /* MjOptimizer */,
				441CDF36194BDF6200199893 /* MjOptimizerTests */,
			);
		};
/* End PBXProject section */

/* Begin PBXReferenceProxy section */
		444F5B4C19516A46007178D8 /* Quick.framework */ = {
			isa = PBXReferenceProxy;
			fileType = wrapper.framework;
			path = Quick.framework;
			remoteRef = 444F5B4B19516A46007178D8 /* PBXContainerItemProxy */;
			sourceTree = BUILT_PRODUCTS_DIR;
		};
		444F5B4E19516A46007178D8 /* QuickTests.xctest */ = {
			isa = PBXReferenceProxy;
			fileType = wrapper.cfbundle;
			path = QuickTests.xctest;
			remoteRef = 444F5B4D19516A46007178D8 /* PBXContainerItemProxy */;
			sourceTree = BUILT_PRODUCTS_DIR;
		};
		444F5B5019516A46007178D8 /* Quick.framework */ = {
			isa = PBXReferenceProxy;
			fileType = wrapper.framework;
			path = Quick.framework;
			remoteRef = 444F5B4F19516A46007178D8 /* PBXContainerItemProxy */;
			sourceTree = BUILT_PRODUCTS_DIR;
		};
		444F5B5219516A46007178D8 /* Quick-iOSTests.xctest */ = {
			isa = PBXReferenceProxy;
			fileType = wrapper.cfbundle;
			path = "Quick-iOSTests.xctest";
			remoteRef = 444F5B5119516A46007178D8 /* PBXContainerItemProxy */;
			sourceTree = BUILT_PRODUCTS_DIR;
		};
/* End PBXReferenceProxy section */

/* Begin PBXResourcesBuildPhase section */
		441CDF23194BDF6200199893 /* Resources */ = {
			isa = PBXResourcesBuildPhase;
			buildActionMask = 2147483647;
			files = (
				449792E61952BE940005AA5A /* ExSwift.h in Resources */,
				447486F11951E97800AC1310 /* MJd2.png in Resources */,
				447486DC1951CB3F00AC1310 /* MJt8.png in Resources */,
				447486CA1951CB3F00AC1310 /* MJf3.png in Resources */,
				447486D21951CB3F00AC1310 /* MJs7.png in Resources */,
				441CDF30194BDF6200199893 /* Main.storyboard in Resources */,
				447486D91951CB3F00AC1310 /* MJt5.png in Resources */,
				447486D71951CB3F00AC1310 /* MJt3.png in Resources */,
				447486CE1951CB3F00AC1310 /* MJs3.png in Resources */,
				447486F01951E97800AC1310 /* MJd1.png in Resources */,
				447486E31951CB3F00AC1310 /* MJw6.png in Resources */,
				447486CB1951CB3F00AC1310 /* MJf4.png in Resources */,
				447486E51951CB3F00AC1310 /* MJw8.png in Resources */,
				447486DB1951CB3F00AC1310 /* MJt7.png in Resources */,
				447486D81951CB3F00AC1310 /* MJt4.png in Resources */,
				447486CD1951CB3F00AC1310 /* MJs2.png in Resources */,
				447486E41951CB3F00AC1310 /* MJw7.png in Resources */,
				447486E61951CB3F00AC1310 /* MJw9.png in Resources */,
				441CDF32194BDF6200199893 /* Images.xcassets in Resources */,
				447486DE1951CB3F00AC1310 /* MJw1.png in Resources */,
				447486D51951CB3F00AC1310 /* MJt1.png in Resources */,
				447486C91951CB3F00AC1310 /* MJf2.png in Resources */,
				447486DA1951CB3F00AC1310 /* MJt6.png in Resources */,
				447486D61951CB3F00AC1310 /* MJt2.png in Resources */,
				447486CC1951CB3F00AC1310 /* MJs1.png in Resources */,
				447486D31951CB3F00AC1310 /* MJs8.png in Resources */,
				447486D41951CB3F00AC1310 /* MJs9.png in Resources */,
				447486E01951CB3F00AC1310 /* MJw3.png in Resources */,
				441CDF6E194C1E8500199893 /* overlaygraphic.png in Resources */,
				447486E21951CB3F00AC1310 /* MJw5.png in Resources */,
				447486D11951CB3F00AC1310 /* MJs6.png in Resources */,
				447486F21951E97800AC1310 /* MJd3.png in Resources */,
				447486DD1951CB3F00AC1310 /* MJt9.png in Resources */,
				447486CF1951CB3F00AC1310 /* MJs4.png in Resources */,
				447486D01951CB3F00AC1310 /* MJs5.png in Resources */,
				447486DF1951CB3F00AC1310 /* MJw2.png in Resources */,
				447486E11951CB3F00AC1310 /* MJw4.png in Resources */,
				447486C81951CB3F00AC1310 /* MJf1.png in Resources */,
			);
			runOnlyForDeploymentPostprocessing = 0;
		};
		441CDF35194BDF6200199893 /* Resources */ = {
			isa = PBXResourcesBuildPhase;
			buildActionMask = 2147483647;
			files = (
			);
			runOnlyForDeploymentPostprocessing = 0;
		};
/* End PBXResourcesBuildPhase section */

/* Begin PBXShellScriptBuildPhase section */
		2E3A11B9C38944D68BB4C275 /* Copy Pods Resources */ = {
			isa = PBXShellScriptBuildPhase;
			buildActionMask = 2147483647;
			files = (
			);
			inputPaths = (
			);
			name = "Copy Pods Resources";
			outputPaths = (
			);
			runOnlyForDeploymentPostprocessing = 0;
			shellPath = /bin/sh;
			shellScript = "\"${SRCROOT}/Pods/Pods-resources.sh\"\n";
			showEnvVarsInLog = 0;
		};
		54B6516C254148A1AD6CD9A6 /* Check Pods Manifest.lock */ = {
			isa = PBXShellScriptBuildPhase;
			buildActionMask = 2147483647;
			files = (
			);
			inputPaths = (
			);
			name = "Check Pods Manifest.lock";
			outputPaths = (
			);
			runOnlyForDeploymentPostprocessing = 0;
			shellPath = /bin/sh;
			shellScript = "diff \"${PODS_ROOT}/../Podfile.lock\" \"${PODS_ROOT}/Manifest.lock\" > /dev/null\nif [[ $? != 0 ]] ; then\n    cat << EOM\nerror: The sandbox is not in sync with the Podfile.lock. Run 'pod install' or update your CocoaPods installation.\nEOM\n    exit 1\nfi\n";
			showEnvVarsInLog = 0;
		};
/* End PBXShellScriptBuildPhase section */

/* Begin PBXSourcesBuildPhase section */
		441CDF21194BDF6200199893 /* Sources */ = {
			isa = PBXSourcesBuildPhase;
			buildActionMask = 2147483647;
			files = (
				44522C001952ABE900E47343 /* Array.swift in Sources */,
				44522C011952ABE900E47343 /* Dictionary.swift in Sources */,
				44522C031952ABE900E47343 /* ExSwift.swift in Sources */,
				44522C041952ABE900E47343 /* Float.swift in Sources */,
				44522C051952ABE900E47343 /* Int.swift in Sources */,
				44522C061952ABE900E47343 /* NSArray.swift in Sources */,
				44522C071952ABE900E47343 /* Range.swift in Sources */,
				44522C081952ABE900E47343 /* String.swift in Sources */,
				44270B22194F361A00CE7E7A /* String+Substring.swift in Sources */,
				44270B21194F361A00CE7E7A /* Collection+EachWithIndex.swift in Sources */,
				C43B6F9F194DF23D00FBFDD6 /* TMAnalyzerProtocol.swift in Sources */,
				C43B6FA8194E6A5F00FBFDD6 /* ControllerMock.swift in Sources */,
				C4F9B02D194DA7EB003FFEEC /* UkeirePai.swift in Sources */,
				441CDF2D194BDF6200199893 /* ViewController.swift in Sources */,
				44CDE3411951AD3900974D6B /* ViewUtils.swift in Sources */,
				C43B6F9E194DF23D00FBFDD6 /* TMAnalyzeResultProtocol.swift in Sources */,
				441CDF48194BE02300199893 /* CameraManager.swift in Sources */,
				C4F9B029194DA6DC003FFEEC /* Pai.swift in Sources */,
				C43B6FA5194DF27000FBFDD6 /* ControllerProtocol.swift in Sources */,
				C43B6F9C194DF23D00FBFDD6 /* SutehaiSelectResult.swift in Sources */,
				3497FBC8194F6086005C58A8 /* String+SliceWith.swift in Sources */,
				441CDF2B194BDF6200199893 /* AppDelegate.swift in Sources */,
				C43B6F9B194DF23D00FBFDD6 /* SutehaiSelectorProtocol.swift in Sources */,
				C4F9B031194DAAC0003FFEEC /* SutehaiCandidate.swift in Sources */,
			);
			runOnlyForDeploymentPostprocessing = 0;
		};
		441CDF33194BDF6200199893 /* Sources */ = {
			isa = PBXSourcesBuildPhase;
			buildActionMask = 2147483647;
			files = (
				C4F9B033194DB177003FFEEC /* SutehaiCandidateSpec.swift in Sources */,
				C4F9B02F194DA90A003FFEEC /* UkeirePaiSpec.swift in Sources */,
				447486EC1951E74200AC1310 /* ViewUtilsSpec.swift in Sources */,
				441CDF5E194BE09E00199893 /* CameraManagerSpec.swift in Sources */,
				C4F9B02B194DA71B003FFEEC /* PaiSpec.swift in Sources */,
			);
			runOnlyForDeploymentPostprocessing = 0;
		};
/* End PBXSourcesBuildPhase section */

/* Begin PBXTargetDependency section */
		345BC570194DE2D10024567A /* PBXTargetDependency */ = {
			isa = PBXTargetDependency;
			target = 441CDF24194BDF6200199893 /* MjOptimizer */;
			targetProxy = 345BC56F194DE2D10024567A /* PBXContainerItemProxy */;
		};
		441CDF39194BDF6200199893 /* PBXTargetDependency */ = {
			isa = PBXTargetDependency;
			target = 441CDF24194BDF6200199893 /* MjOptimizer */;
			targetProxy = 441CDF38194BDF6200199893 /* PBXContainerItemProxy */;
		};
		441CDF59194BE07600199893 /* PBXTargetDependency */ = {
			isa = PBXTargetDependency;
			target = 441CDF24194BDF6200199893 /* MjOptimizer */;
			targetProxy = 441CDF58194BE07600199893 /* PBXContainerItemProxy */;
		};
		441CDF5B194BE07600199893 /* PBXTargetDependency */ = {
			isa = PBXTargetDependency;
			target = 441CDF24194BDF6200199893 /* MjOptimizer */;
			targetProxy = 441CDF5A194BE07600199893 /* PBXContainerItemProxy */;
		};
		441CDF65194BEB2200199893 /* PBXTargetDependency */ = {
			isa = PBXTargetDependency;
			target = 441CDF24194BDF6200199893 /* MjOptimizer */;
			targetProxy = 441CDF64194BEB2200199893 /* PBXContainerItemProxy */;
		};
		441CDF6B194BEB2200199893 /* PBXTargetDependency */ = {
			isa = PBXTargetDependency;
			target = 441CDF24194BDF6200199893 /* MjOptimizer */;
			targetProxy = 441CDF6A194BEB2200199893 /* PBXContainerItemProxy */;
		};
		444F5B5419516A65007178D8 /* PBXTargetDependency */ = {
			isa = PBXTargetDependency;
			target = 441CDF24194BDF6200199893 /* MjOptimizer */;
			targetProxy = 444F5B5319516A65007178D8 /* PBXContainerItemProxy */;
		};
		444F5B5619516A66007178D8 /* PBXTargetDependency */ = {
			isa = PBXTargetDependency;
			target = 441CDF24194BDF6200199893 /* MjOptimizer */;
			targetProxy = 444F5B5519516A66007178D8 /* PBXContainerItemProxy */;
		};
		44522BF91952ABCF00E47343 /* PBXTargetDependency */ = {
			isa = PBXTargetDependency;
			target = 441CDF24194BDF6200199893 /* MjOptimizer */;
			targetProxy = 44522BF81952ABCF00E47343 /* PBXContainerItemProxy */;
		};
		44522BFF1952ABD000E47343 /* PBXTargetDependency */ = {
			isa = PBXTargetDependency;
			target = 441CDF24194BDF6200199893 /* MjOptimizer */;
			targetProxy = 44522BFE1952ABD000E47343 /* PBXContainerItemProxy */;
		};
		44CDE3471951ADDC00974D6B /* PBXTargetDependency */ = {
			isa = PBXTargetDependency;
			target = 441CDF24194BDF6200199893 /* MjOptimizer */;
			targetProxy = 44CDE3461951ADDC00974D6B /* PBXContainerItemProxy */;
		};
		44CDE3491951ADDC00974D6B /* PBXTargetDependency */ = {
			isa = PBXTargetDependency;
			target = 441CDF24194BDF6200199893 /* MjOptimizer */;
			targetProxy = 44CDE3481951ADDC00974D6B /* PBXContainerItemProxy */;
		};
		44F04EAC194E97C300EA3E8A /* PBXTargetDependency */ = {
			isa = PBXTargetDependency;
			target = 441CDF24194BDF6200199893 /* MjOptimizer */;
			targetProxy = 44F04EAB194E97C300EA3E8A /* PBXContainerItemProxy */;
		};
		44F04EAE194E97C300EA3E8A /* PBXTargetDependency */ = {
			isa = PBXTargetDependency;
			target = 441CDF24194BDF6200199893 /* MjOptimizer */;
			targetProxy = 44F04EAD194E97C300EA3E8A /* PBXContainerItemProxy */;
		};
/* End PBXTargetDependency section */

/* Begin PBXVariantGroup section */
		441CDF2E194BDF6200199893 /* Main.storyboard */ = {
			isa = PBXVariantGroup;
			children = (
				441CDF2F194BDF6200199893 /* Base */,
			);
			name = Main.storyboard;
			sourceTree = "<group>";
		};
/* End PBXVariantGroup section */

/* Begin XCBuildConfiguration section */
		441CDF3F194BDF6200199893 /* Debug */ = {
			isa = XCBuildConfiguration;
			buildSettings = {
				ALWAYS_SEARCH_USER_PATHS = NO;
				CLANG_CXX_LANGUAGE_STANDARD = "gnu++0x";
				CLANG_CXX_LIBRARY = "libc++";
				CLANG_ENABLE_MODULES = YES;
				CLANG_ENABLE_OBJC_ARC = YES;
				CLANG_WARN_BOOL_CONVERSION = YES;
				CLANG_WARN_CONSTANT_CONVERSION = YES;
				CLANG_WARN_DIRECT_OBJC_ISA_USAGE = YES_ERROR;
				CLANG_WARN_EMPTY_BODY = YES;
				CLANG_WARN_ENUM_CONVERSION = YES;
				CLANG_WARN_INT_CONVERSION = YES;
				CLANG_WARN_OBJC_ROOT_CLASS = YES_ERROR;
				CLANG_WARN_UNREACHABLE_CODE = YES;
				CLANG_WARN__DUPLICATE_METHOD_MATCH = YES;
				"CODE_SIGN_IDENTITY[sdk=iphoneos*]" = "iPhone Developer";
				COPY_PHASE_STRIP = NO;
				ENABLE_STRICT_OBJC_MSGSEND = YES;
				GCC_C_LANGUAGE_STANDARD = gnu99;
				GCC_DYNAMIC_NO_PIC = NO;
				GCC_OPTIMIZATION_LEVEL = 0;
				GCC_PREPROCESSOR_DEFINITIONS = (
					"DEBUG=1",
					"$(inherited)",
				);
				GCC_SYMBOLS_PRIVATE_EXTERN = NO;
				GCC_WARN_64_TO_32_BIT_CONVERSION = YES;
				GCC_WARN_ABOUT_RETURN_TYPE = YES_ERROR;
				GCC_WARN_UNDECLARED_SELECTOR = YES;
				GCC_WARN_UNINITIALIZED_AUTOS = YES_AGGRESSIVE;
				GCC_WARN_UNUSED_FUNCTION = YES;
				GCC_WARN_UNUSED_VARIABLE = YES;
				IPHONEOS_DEPLOYMENT_TARGET = 7.1;
				METAL_ENABLE_DEBUG_INFO = YES;
				ONLY_ACTIVE_ARCH = YES;
				SDKROOT = iphoneos;
				SWIFT_OPTIMIZATION_LEVEL = "-Onone";
			};
			name = Debug;
		};
		441CDF40194BDF6200199893 /* Release */ = {
			isa = XCBuildConfiguration;
			buildSettings = {
				ALWAYS_SEARCH_USER_PATHS = NO;
				CLANG_CXX_LANGUAGE_STANDARD = "gnu++0x";
				CLANG_CXX_LIBRARY = "libc++";
				CLANG_ENABLE_MODULES = YES;
				CLANG_ENABLE_OBJC_ARC = YES;
				CLANG_WARN_BOOL_CONVERSION = YES;
				CLANG_WARN_CONSTANT_CONVERSION = YES;
				CLANG_WARN_DIRECT_OBJC_ISA_USAGE = YES_ERROR;
				CLANG_WARN_EMPTY_BODY = YES;
				CLANG_WARN_ENUM_CONVERSION = YES;
				CLANG_WARN_INT_CONVERSION = YES;
				CLANG_WARN_OBJC_ROOT_CLASS = YES_ERROR;
				CLANG_WARN_UNREACHABLE_CODE = YES;
				CLANG_WARN__DUPLICATE_METHOD_MATCH = YES;
				"CODE_SIGN_IDENTITY[sdk=iphoneos*]" = "iPhone Developer";
				COPY_PHASE_STRIP = YES;
				ENABLE_NS_ASSERTIONS = NO;
				ENABLE_STRICT_OBJC_MSGSEND = YES;
				GCC_C_LANGUAGE_STANDARD = gnu99;
				GCC_WARN_64_TO_32_BIT_CONVERSION = YES;
				GCC_WARN_ABOUT_RETURN_TYPE = YES_ERROR;
				GCC_WARN_UNDECLARED_SELECTOR = YES;
				GCC_WARN_UNINITIALIZED_AUTOS = YES_AGGRESSIVE;
				GCC_WARN_UNUSED_FUNCTION = YES;
				GCC_WARN_UNUSED_VARIABLE = YES;
				IPHONEOS_DEPLOYMENT_TARGET = 7.1;
				METAL_ENABLE_DEBUG_INFO = NO;
				SDKROOT = iphoneos;
				VALIDATE_PRODUCT = YES;
			};
			name = Release;
		};
		441CDF42194BDF6200199893 /* Debug */ = {
			isa = XCBuildConfiguration;
			baseConfigurationReference = 8756E46B0B4347C982442038 /* Pods.xcconfig */;
			buildSettings = {
				ASSETCATALOG_COMPILER_APPICON_NAME = AppIcon;
				ASSETCATALOG_COMPILER_LAUNCHIMAGE_NAME = LaunchImage;
				CODE_SIGN_IDENTITY = "iPhone Developer";
				"CODE_SIGN_IDENTITY[sdk=iphoneos*]" = "iPhone Developer";
				INFOPLIST_FILE = MjOptimizer/Info.plist;
				LD_RUNPATH_SEARCH_PATHS = "$(inherited) @executable_path/Frameworks";
				PRODUCT_NAME = "$(TARGET_NAME)";
				PROVISIONING_PROFILE = "66DEA7C2-B9E6-42F7-8643-ED38D57F7989";
			};
			name = Debug;
		};
		441CDF43194BDF6200199893 /* Release */ = {
			isa = XCBuildConfiguration;
			baseConfigurationReference = 8756E46B0B4347C982442038 /* Pods.xcconfig */;
			buildSettings = {
				ASSETCATALOG_COMPILER_APPICON_NAME = AppIcon;
				ASSETCATALOG_COMPILER_LAUNCHIMAGE_NAME = LaunchImage;
				CODE_SIGN_IDENTITY = "iPhone Developer";
				"CODE_SIGN_IDENTITY[sdk=iphoneos*]" = "iPhone Developer";
				INFOPLIST_FILE = MjOptimizer/Info.plist;
				LD_RUNPATH_SEARCH_PATHS = "$(inherited) @executable_path/Frameworks";
				PRODUCT_NAME = "$(TARGET_NAME)";
				PROVISIONING_PROFILE = "66DEA7C2-B9E6-42F7-8643-ED38D57F7989";
			};
			name = Release;
		};
		441CDF45194BDF6200199893 /* Debug */ = {
			isa = XCBuildConfiguration;
			buildSettings = {
				BUNDLE_LOADER = "$(BUILT_PRODUCTS_DIR)/MjOptimizer.app/MjOptimizer";
				FRAMEWORK_SEARCH_PATHS = (
					"$(SDKROOT)/Developer/Library/Frameworks",
					"$(inherited)",
				);
				GCC_PREPROCESSOR_DEFINITIONS = (
					"DEBUG=1",
					"$(inherited)",
				);
				INFOPLIST_FILE = MjOptimizerTests/Info.plist;
				LD_RUNPATH_SEARCH_PATHS = "$(inherited) @executable_path/Frameworks @loader_path/Frameworks";
				METAL_ENABLE_DEBUG_INFO = YES;
				PRODUCT_NAME = "$(TARGET_NAME)";
				TEST_HOST = "$(BUNDLE_LOADER)";
			};
			name = Debug;
		};
		441CDF46194BDF6200199893 /* Release */ = {
			isa = XCBuildConfiguration;
			buildSettings = {
				BUNDLE_LOADER = "$(BUILT_PRODUCTS_DIR)/MjOptimizer.app/MjOptimizer";
				FRAMEWORK_SEARCH_PATHS = (
					"$(SDKROOT)/Developer/Library/Frameworks",
					"$(inherited)",
				);
				INFOPLIST_FILE = MjOptimizerTests/Info.plist;
				LD_RUNPATH_SEARCH_PATHS = "$(inherited) @executable_path/Frameworks @loader_path/Frameworks";
				METAL_ENABLE_DEBUG_INFO = NO;
				PRODUCT_NAME = "$(TARGET_NAME)";
				TEST_HOST = "$(BUNDLE_LOADER)";
			};
			name = Release;
		};
/* End XCBuildConfiguration section */

/* Begin XCConfigurationList section */
		441CDF20194BDF6200199893 /* Build configuration list for PBXProject "MjOptimizer" */ = {
			isa = XCConfigurationList;
			buildConfigurations = (
				441CDF3F194BDF6200199893 /* Debug */,
				441CDF40194BDF6200199893 /* Release */,
			);
			defaultConfigurationIsVisible = 0;
			defaultConfigurationName = Release;
		};
		441CDF41194BDF6200199893 /* Build configuration list for PBXNativeTarget "MjOptimizer" */ = {
			isa = XCConfigurationList;
			buildConfigurations = (
				441CDF42194BDF6200199893 /* Debug */,
				441CDF43194BDF6200199893 /* Release */,
			);
			defaultConfigurationIsVisible = 0;
			defaultConfigurationName = Release;
		};
		441CDF44194BDF6200199893 /* Build configuration list for PBXNativeTarget "MjOptimizerTests" */ = {
			isa = XCConfigurationList;
			buildConfigurations = (
				441CDF45194BDF6200199893 /* Debug */,
				441CDF46194BDF6200199893 /* Release */,
			);
			defaultConfigurationIsVisible = 0;
			defaultConfigurationName = Release;
		};
/* End XCConfigurationList section */
	};
	rootObject = 441CDF1D194BDF6200199893 /* Project object */;
}
